// !$*UTF8*$!
{
	archiveVersion = 1;
	classes = {
	};
	objectVersion = 46;
	objects = {

/* Begin PBXBuildFile section */
		CF0E9C0F1BC02D39008E7C3C /* AppDelegate.swift in Sources */ = {isa = PBXBuildFile; fileRef = CF0E9C0E1BC02D39008E7C3C /* AppDelegate.swift */; };
		CF0E9C121BC02D39008E7C3C /* To_Do.xcdatamodeld in Sources */ = {isa = PBXBuildFile; fileRef = CF0E9C101BC02D39008E7C3C /* To_Do.xcdatamodeld */; };
		CF0E9C141BC02D39008E7C3C /* ViewController.swift in Sources */ = {isa = PBXBuildFile; fileRef = CF0E9C131BC02D39008E7C3C /* ViewController.swift */; };
		CF0E9C171BC02D39008E7C3C /* Main.storyboard in Resources */ = {isa = PBXBuildFile; fileRef = CF0E9C151BC02D39008E7C3C /* Main.storyboard */; };
		CF0E9C191BC02D39008E7C3C /* Images.xcassets in Resources */ = {isa = PBXBuildFile; fileRef = CF0E9C181BC02D39008E7C3C /* Images.xcassets */; };
		CF0E9C1C1BC02D39008E7C3C /* LaunchScreen.xib in Resources */ = {isa = PBXBuildFile; fileRef = CF0E9C1A1BC02D39008E7C3C /* LaunchScreen.xib */; };
		CF0E9C281BC02D39008E7C3C /* To_DoTests.swift in Sources */ = {isa = PBXBuildFile; fileRef = CF0E9C271BC02D39008E7C3C /* To_DoTests.swift */; };
/* End PBXBuildFile section */

/* Begin PBXContainerItemProxy section */
		CF0E9C221BC02D39008E7C3C /* PBXContainerItemProxy */ = {
			isa = PBXContainerItemProxy;
			containerPortal = CF0E9C011BC02D39008E7C3C /* Project object */;
			proxyType = 1;
			remoteGlobalIDString = CF0E9C081BC02D39008E7C3C;
			remoteInfo = "To-Do";
		};
/* End PBXContainerItemProxy section */

/* Begin PBXFileReference section */
		CF0E9C091BC02D39008E7C3C /* To-Do.app */ = {isa = PBXFileReference; explicitFileType = wrapper.application; includeInIndex = 0; path = "To-Do.app"; sourceTree = BUILT_PRODUCTS_DIR; };
		CF0E9C0D1BC02D39008E7C3C /* Info.plist */ = {isa = PBXFileReference; lastKnownFileType = text.plist.xml; path = Info.plist; sourceTree = "<group>"; };
		CF0E9C0E1BC02D39008E7C3C /* AppDelegate.swift */ = {isa = PBXFileReference; lastKnownFileType = sourcecode.swift; path = AppDelegate.swift; sourceTree = "<group>"; };
		CF0E9C111BC02D39008E7C3C /* To_Do.xcdatamodel */ = {isa = PBXFileReference; lastKnownFileType = wrapper.xcdatamodel; path = To_Do.xcdatamodel; sourceTree = "<group>"; };
		CF0E9C131BC02D39008E7C3C /* ViewController.swift */ = {isa = PBXFileReference; lastKnownFileType = sourcecode.swift; path = ViewController.swift; sourceTree = "<group>"; };
		CF0E9C161BC02D39008E7C3C /* Base */ = {isa = PBXFileReference; lastKnownFileType = file.storyboard; name = Base; path = Base.lproj/Main.storyboard; sourceTree = "<group>"; };
		CF0E9C181BC02D39008E7C3C /* Images.xcassets */ = {isa = PBXFileReference; lastKnownFileType = folder.assetcatalog; path = Images.xcassets; sourceTree = "<group>"; };
		CF0E9C1B1BC02D39008E7C3C /* Base */ = {isa = PBXFileReference; lastKnownFileType = file.xib; name = Base; path = Base.lproj/LaunchScreen.xib; sourceTree = "<group>"; };
		CF0E9C211BC02D39008E7C3C /* To-DoTests.xctest */ = {isa = PBXFileReference; explicitFileType = wrapper.cfbundle; includeInIndex = 0; path = "To-DoTests.xctest"; sourceTree = BUILT_PRODUCTS_DIR; };
		CF0E9C261BC02D39008E7C3C /* Info.plist */ = {isa = PBXFileReference; lastKnownFileType = text.plist.xml; path = Info.plist; sourceTree = "<group>"; };
		CF0E9C271BC02D39008E7C3C /* To_DoTests.swift */ = {isa = PBXFileReference; lastKnownFileType = sourcecode.swift; path = To_DoTests.swift; sourceTree = "<group>"; };
/* End PBXFileReference section */

/* Begin PBXFrameworksBuildPhase section */
		CF0E9C061BC02D39008E7C3C /* Frameworks */ = {
			isa = PBXFrameworksBuildPhase;
			buildActionMask = 2147483647;
			files = (
			);
			runOnlyForDeploymentPostprocessing = 0;
		};
		CF0E9C1E1BC02D39008E7C3C /* Frameworks */ = {
			isa = PBXFrameworksBuildPhase;
			buildActionMask = 2147483647;
			files = (
			);
			runOnlyForDeploymentPostprocessing = 0;
		};
/* End PBXFrameworksBuildPhase section */

/* Begin PBXGroup section */
		CF0E9C001BC02D39008E7C3C = {
			isa = PBXGroup;
			children = (
				CF0E9C0B1BC02D39008E7C3C /* To-Do */,
				CF0E9C241BC02D39008E7C3C /* To-DoTests */,
				CF0E9C0A1BC02D39008E7C3C /* Products */,
			);
			sourceTree = "<group>";
		};
		CF0E9C0A1BC02D39008E7C3C /* Products */ = {
			isa = PBXGroup;
			children = (
				CF0E9C091BC02D39008E7C3C /* To-Do.app */,
				CF0E9C211BC02D39008E7C3C /* To-DoTests.xctest */,
			);
			name = Products;
			sourceTree = "<group>";
		};
		CF0E9C0B1BC02D39008E7C3C /* To-Do */ = {
			isa = PBXGroup;
			children = (
				CF0E9C0E1BC02D39008E7C3C /* AppDelegate.swift */,
				CF0E9C131BC02D39008E7C3C /* ViewController.swift */,
				CF0E9C151BC02D39008E7C3C /* Main.storyboard */,
				CF0E9C181BC02D39008E7C3C /* Images.xcassets */,
				CF0E9C1A1BC02D39008E7C3C /* LaunchScreen.xib */,
				CF0E9C101BC02D39008E7C3C /* To_Do.xcdatamodeld */,
				CF0E9C0C1BC02D39008E7C3C /* Supporting Files */,
			);
			path = "To-Do";
			sourceTree = "<group>";
		};
		CF0E9C0C1BC02D39008E7C3C /* Supporting Files */ = {
			isa = PBXGroup;
			children = (
				CF0E9C0D1BC02D39008E7C3C /* Info.plist */,
			);
			name = "Supporting Files";
			sourceTree = "<group>";
		};
		CF0E9C241BC02D39008E7C3C /* To-DoTests */ = {
			isa = PBXGroup;
			children = (
				CF0E9C271BC02D39008E7C3C /* To_DoTests.swift */,
				CF0E9C251BC02D39008E7C3C /* Supporting Files */,
			);
			path = "To-DoTests";
			sourceTree = "<group>";
		};
		CF0E9C251BC02D39008E7C3C /* Supporting Files */ = {
			isa = PBXGroup;
			children = (
				CF0E9C261BC02D39008E7C3C /* Info.plist */,
			);
			name = "Supporting Files";
			sourceTree = "<group>";
		};
/* End PBXGroup section */

/* Begin PBXNativeTarget section */
		CF0E9C081BC02D39008E7C3C /* To-Do */ = {
			isa = PBXNativeTarget;
			buildConfigurationList = CF0E9C2B1BC02D39008E7C3C /* Build configuration list for PBXNativeTarget "To-Do" */;
			buildPhases = (
				CF0E9C051BC02D39008E7C3C /* Sources */,
				CF0E9C061BC02D39008E7C3C /* Frameworks */,
				CF0E9C071BC02D39008E7C3C /* Resources */,
			);
			buildRules = (
			);
			dependencies = (
			);
			name = "To-Do";
			productName = "To-Do";
			productReference = CF0E9C091BC02D39008E7C3C /* To-Do.app */;
			productType = "com.apple.product-type.application";
		};
		CF0E9C201BC02D39008E7C3C /* To-DoTests */ = {
			isa = PBXNativeTarget;
			buildConfigurationList = CF0E9C2E1BC02D39008E7C3C /* Build configuration list for PBXNativeTarget "To-DoTests" */;
			buildPhases = (
				CF0E9C1D1BC02D39008E7C3C /* Sources */,
				CF0E9C1E1BC02D39008E7C3C /* Frameworks */,
				CF0E9C1F1BC02D39008E7C3C /* Resources */,
			);
			buildRules = (
			);
			dependencies = (
				CF0E9C231BC02D39008E7C3C /* PBXTargetDependency */,
			);
			name = "To-DoTests";
			productName = "To-DoTests";
			productReference = CF0E9C211BC02D39008E7C3C /* To-DoTests.xctest */;
			productType = "com.apple.product-type.bundle.unit-test";
		};
/* End PBXNativeTarget section */

/* Begin PBXProject section */
		CF0E9C011BC02D39008E7C3C /* Project object */ = {
			isa = PBXProject;
			attributes = {
				LastUpgradeCheck = 0640;
				ORGANIZATIONNAME = AbstractApps;
				TargetAttributes = {
					CF0E9C081BC02D39008E7C3C = {
						CreatedOnToolsVersion = 6.4;
					};
					CF0E9C201BC02D39008E7C3C = {
						CreatedOnToolsVersion = 6.4;
						TestTargetID = CF0E9C081BC02D39008E7C3C;
					};
				};
			};
			buildConfigurationList = CF0E9C041BC02D39008E7C3C /* Build configuration list for PBXProject "To-Do" */;
			compatibilityVersion = "Xcode 3.2";
			developmentRegion = English;
			hasScannedForEncodings = 0;
			knownRegions = (
				en,
				Base,
			);
			mainGroup = CF0E9C001BC02D39008E7C3C;
			productRefGroup = CF0E9C0A1BC02D39008E7C3C /* Products */;
			projectDirPath = "";
			projectRoot = "";
			targets = (
				CF0E9C081BC02D39008E7C3C /* To-Do */,
				CF0E9C201BC02D39008E7C3C /* To-DoTests */,
			);
		};
/* End PBXProject section */

/* Begin PBXResourcesBuildPhase section */
		CF0E9C071BC02D39008E7C3C /* Resources */ = {
			isa = PBXResourcesBuildPhase;
			buildActionMask = 2147483647;
			files = (
				CF0E9C171BC02D39008E7C3C /* Main.storyboard in Resources */,
				CF0E9C1C1BC02D39008E7C3C /* LaunchScreen.xib in Resources */,
				CF0E9C191BC02D39008E7C3C /* Images.xcassets in Resources */,
			);
			runOnlyForDeploymentPostprocessing = 0;
		};
		CF0E9C1F1BC02D39008E7C3C /* Resources */ = {
			isa = PBXResourcesBuildPhase;
			buildActionMask = 2147483647;
			files = (
			);
			runOnlyForDeploymentPostprocessing = 0;
		};
/* End PBXResourcesBuildPhase section */

/* Begin PBXSourcesBuildPhase section */
		CF0E9C051BC02D39008E7C3C /* Sources */ = {
			isa = PBXSourcesBuildPhase;
			buildActionMask = 2147483647;
			files = (
				CF0E9C141BC02D39008E7C3C /* ViewController.swift in Sources */,
				CF0E9C0F1BC02D39008E7C3C /* AppDelegate.swift in Sources */,
				CF0E9C121BC02D39008E7C3C /* To_Do.xcdatamodeld in Sources */,
			);
			runOnlyForDeploymentPostprocessing = 0;
		};
		CF0E9C1D1BC02D39008E7C3C /* Sources */ = {
			isa = PBXSourcesBuildPhase;
			buildActionMask = 2147483647;
			files = (
				CF0E9C281BC02D39008E7C3C /* To_DoTests.swift in Sources */,
			);
			runOnlyForDeploymentPostprocessing = 0;
		};
/* End PBXSourcesBuildPhase section */

/* Begin PBXTargetDependency section */
		CF0E9C231BC02D39008E7C3C /* PBXTargetDependency */ = {
			isa = PBXTargetDependency;
			target = CF0E9C081BC02D39008E7C3C /* To-Do */;
			targetProxy = CF0E9C221BC02D39008E7C3C /* PBXContainerItemProxy */;
		};
/* End PBXTargetDependency section */

/* Begin PBXVariantGroup section */
		CF0E9C151BC02D39008E7C3C /* Main.storyboard */ = {
			isa = PBXVariantGroup;
			children = (
				CF0E9C161BC02D39008E7C3C /* Base */,
			);
			name = Main.storyboard;
			sourceTree = "<group>";
		};
		CF0E9C1A1BC02D39008E7C3C /* LaunchScreen.xib */ = {
			isa = PBXVariantGroup;
			children = (
				CF0E9C1B1BC02D39008E7C3C /* Base */,
			);
			name = LaunchScreen.xib;
			sourceTree = "<group>";
		};
/* End PBXVariantGroup section */

/* Begin XCBuildConfiguration section */
		CF0E9C291BC02D39008E7C3C /* Debug */ = {
			isa = XCBuildConfiguration;
			buildSettings = {
				ALWAYS_SEARCH_USER_PATHS = NO;
				CLANG_CXX_LANGUAGE_STANDARD = "gnu++0x";
				CLANG_CXX_LIBRARY = "libc++";
				CLANG_ENABLE_MODULES = YES;
				CLANG_ENABLE_OBJC_ARC = YES;
				CLANG_WARN_BOOL_CONVERSION = YES;
				CLANG_WARN_CONSTANT_CONVERSION = YES;
				CLANG_WARN_DIRECT_OBJC_ISA_USAGE = YES_ERROR;
				CLANG_WARN_EMPTY_BODY = YES;
				CLANG_WARN_ENUM_CONVERSION = YES;
				CLANG_WARN_INT_CONVERSION = YES;
				CLANG_WARN_OBJC_ROOT_CLASS = YES_ERROR;
				CLANG_WARN_UNREACHABLE_CODE = YES;
				CLANG_WARN__DUPLICATE_METHOD_MATCH = YES;
				"CODE_SIGN_IDENTITY[sdk=iphoneos*]" = "iPhone Developer";
				COPY_PHASE_STRIP = NO;
				DEBUG_INFORMATION_FORMAT = "dwarf-with-dsym";
				ENABLE_STRICT_OBJC_MSGSEND = YES;
				GCC_C_LANGUAGE_STANDARD = gnu99;
				GCC_DYNAMIC_NO_PIC = NO;
				GCC_NO_COMMON_BLOCKS = YES;
				GCC_OPTIMIZATION_LEVEL = 0;
				GCC_PREPROCESSOR_DEFINITIONS = (
					"DEBUG=1",
					"$(inherited)",
				);
				GCC_SYMBOLS_PRIVATE_EXTERN = NO;
				GCC_WARN_64_TO_32_BIT_CONVERSION = YES;
				GCC_WARN_ABOUT_RETURN_TYPE = YES_ERROR;
				GCC_WARN_UNDECLARED_SELECTOR = YES;
				GCC_WARN_UNINITIALIZED_AUTOS = YES_AGGRESSIVE;
				GCC_WARN_UNUSED_FUNCTION = YES;
				GCC_WARN_UNUSED_VARIABLE = YES;
				IPHONEOS_DEPLOYMENT_TARGET = 8.4;
				MTL_ENABLE_DEBUG_INFO = YES;
				ONLY_ACTIVE_ARCH = YES;
				SDKROOT = iphoneos;
				SWIFT_OPTIMIZATION_LEVEL = "-Onone";
				TARGETED_DEVICE_FAMILY = "1,2";
			};
			name = Debug;
		};
		CF0E9C2A1BC02D39008E7C3C /* Release */ = {
			isa = XCBuildConfiguration;
			buildSettings = {
				ALWAYS_SEARCH_USER_PATHS = NO;
				CLANG_CXX_LANGUAGE_STANDARD = "gnu++0x";
				CLANG_CXX_LIBRARY = "libc++";
				CLANG_ENABLE_MODULES = YES;
				CLANG_ENABLE_OBJC_ARC = YES;
				CLANG_WARN_BOOL_CONVERSION = YES;
				CLANG_WARN_CONSTANT_CONVERSION = YES;
				CLANG_WARN_DIRECT_OBJC_ISA_USAGE = YES_ERROR;
				CLANG_WARN_EMPTY_BODY = YES;
				CLANG_WARN_ENUM_CONVERSION = YES;
				CLANG_WARN_INT_CONVERSION = YES;
				CLANG_WARN_OBJC_ROOT_CLASS = YES_ERROR;
				CLANG_WARN_UNREACHABLE_CODE = YES;
				CLANG_WARN__DUPLICATE_METHOD_MATCH = YES;
				"CODE_SIGN_IDENTITY[sdk=iphoneos*]" = "iPhone Developer";
				COPY_PHASE_STRIP = NO;
				DEBUG_INFORMATION_FORMAT = "dwarf-with-dsym";
				ENABLE_NS_ASSERTIONS = NO;
				ENABLE_STRICT_OBJC_MSGSEND = YES;
				GCC_C_LANGUAGE_STANDARD = gnu99;
				GCC_NO_COMMON_BLOCKS = YES;
				GCC_WARN_64_TO_32_BIT_CONVERSION = YES;
				GCC_WARN_ABOUT_RETURN_TYPE = YES_ERROR;
				GCC_WARN_UNDECLARED_SELECTOR = YES;
				GCC_WARN_UNINITIALIZED_AUTOS = YES_AGGRESSIVE;
				GCC_WARN_UNUSED_FUNCTION = YES;
				GCC_WARN_UNUSED_VARIABLE = YES;
				IPHONEOS_DEPLOYMENT_TARGET = 8.4;
				MTL_ENABLE_DEBUG_INFO = NO;
				SDKROOT = iphoneos;
				TARGETED_DEVICE_FAMILY = "1,2";
				VALIDATE_PRODUCT = YES;
			};
			name = Release;
		};
		CF0E9C2C1BC02D39008E7C3C /* Debug */ = {
			isa = XCBuildConfiguration;
			buildSettings = {
				ASSETCATALOG_COMPILER_APPICON_NAME = AppIcon;
				INFOPLIST_FILE = "To-Do/Info.plist";
				LD_RUNPATH_SEARCH_PATHS = "$(inherited) @executable_path/Frameworks";
				PRODUCT_NAME = "$(TARGET_NAME)";
			};
			name = Debug;
		};
		CF0E9C2D1BC02D39008E7C3C /* Release */ = {
			isa = XCBuildConfiguration;
			buildSettings = {
				ASSETCATALOG_COMPILER_APPICON_NAME = AppIcon;
				INFOPLIST_FILE = "To-Do/Info.plist";
				LD_RUNPATH_SEARCH_PATHS = "$(inherited) @executable_path/Frameworks";
				PRODUCT_NAME = "$(TARGET_NAME)";
			};
			name = Release;
		};
		CF0E9C2F1BC02D39008E7C3C /* Debug */ = {
			isa = XCBuildConfiguration;
			buildSettings = {
				BUNDLE_LOADER = "$(TEST_HOST)";
				FRAMEWORK_SEARCH_PATHS = (
					"$(SDKROOT)/Developer/Library/Frameworks",
					"$(inherited)",
				);
				GCC_PREPROCESSOR_DEFINITIONS = (
					"DEBUG=1",
					"$(inherited)",
				);
				INFOPLIST_FILE = "To-DoTests/Info.plist";
				LD_RUNPATH_SEARCH_PATHS = "$(inherited) @executable_path/Frameworks @loader_path/Frameworks";
				PRODUCT_NAME = "$(TARGET_NAME)";
				TEST_HOST = "$(BUILT_PRODUCTS_DIR)/To-Do.app/To-Do";
			};
			name = Debug;
		};
		CF0E9C301BC02D39008E7C3C /* Release */ = {
			isa = XCBuildConfiguration;
			buildSettings = {
				BUNDLE_LOADER = "$(TEST_HOST)";
				FRAMEWORK_SEARCH_PATHS = (
					"$(SDKROOT)/Developer/Library/Frameworks",
					"$(inherited)",
				);
				INFOPLIST_FILE = "To-DoTests/Info.plist";
				LD_RUNPATH_SEARCH_PATHS = "$(inherited) @executable_path/Frameworks @loader_path/Frameworks";
				PRODUCT_NAME = "$(TARGET_NAME)";
				TEST_HOST = "$(BUILT_PRODUCTS_DIR)/To-Do.app/To-Do";
			};
			name = Release;
		};
/* End XCBuildConfiguration section */

/* Begin XCConfigurationList section */
		CF0E9C041BC02D39008E7C3C /* Build configuration list for PBXProject "To-Do" */ = {
			isa = XCConfigurationList;
			buildConfigurations = (
				CF0E9C291BC02D39008E7C3C /* Debug */,
				CF0E9C2A1BC02D39008E7C3C /* Release */,
			);
			defaultConfigurationIsVisible = 0;
			defaultConfigurationName = Release;
		};
		CF0E9C2B1BC02D39008E7C3C /* Build configuration list for PBXNativeTarget "To-Do" */ = {
			isa = XCConfigurationList;
			buildConfigurations = (
				CF0E9C2C1BC02D39008E7C3C /* Debug */,
				CF0E9C2D1BC02D39008E7C3C /* Release */,
			);
			defaultConfigurationIsVisible = 0;
		};
		CF0E9C2E1BC02D39008E7C3C /* Build configuration list for PBXNativeTarget "To-DoTests" */ = {
			isa = XCConfigurationList;
			buildConfigurations = (
				CF0E9C2F1BC02D39008E7C3C /* Debug */,
				CF0E9C301BC02D39008E7C3C /* Release */,
			);
			defaultConfigurationIsVisible = 0;
		};
/* End XCConfigurationList section */

/* Begin XCVersionGroup section */
		CF0E9C101BC02D39008E7C3C /* To_Do.xcdatamodeld */ = {
			isa = XCVersionGroup;
			children = (
				CF0E9C111BC02D39008E7C3C /* To_Do.xcdatamodel */,
			);
			currentVersion = CF0E9C111BC02D39008E7C3C /* To_Do.xcdatamodel */;
			path = To_Do.xcdatamodeld;
			sourceTree = "<group>";
			versionGroupType = wrapper.xcdatamodel;
		};
/* End XCVersionGroup section */
	};
	rootObject = CF0E9C011BC02D39008E7C3C /* Project object */;
}
